
Microsoft Visual Studio Solution File, Format Version 12.00
# Visual Studio 15
VisualStudioVersion = 15.0.27004.2005
MinimumVisualStudioVersion = 10.0.40219.1
Project("{FAE04EC0-301F-11D3-BF4B-00C04F79EFBC}") = "SmartDrawerWpfApp", "SmartDrawerWpfApp\SmartDrawerWpfApp.csproj", "{881BB30F-C534-4F30-A18F-361C1D7229B9}"
EndProject
Global
	GlobalSection(SolutionConfigurationPlatforms) = preSolution
		Debug|Any CPU = Debug|Any CPU
		Release|Any CPU = Release|Any CPU
	EndGlobalSection
	GlobalSection(ProjectConfigurationPlatforms) = postSolution
		{881BB30F-C534-4F30-A18F-361C1D7229B9}.Debug|Any CPU.ActiveCfg = Debug|Any CPU
		{881BB30F-C534-4F30-A18F-361C1D7229B9}.Debug|Any CPU.Build.0 = Debug|Any CPU
		{881BB30F-C534-4F30-A18F-361C1D7229B9}.Release|Any CPU.ActiveCfg = Release|Any CPU
		{881BB30F-C534-4F30-A18F-361C1D7229B9}.Release|Any CPU.Build.0 = Release|Any CPU
	EndGlobalSection
	GlobalSection(SolutionProperties) = preSolution
		HideSolutionNode = FALSE
	EndGlobalSection
	GlobalSection(ExtensibilityGlobals) = postSolution
		SolutionGuid = {74D10671-840A-4707-93E2-94CA9F8C1404}
	EndGlobalSection
EndGlobal
